
Microsoft Visual Studio Solution File, Format Version 12.00
# Visual Studio 15
VisualStudioVersion = 15.0.28010.2050
MinimumVisualStudioVersion = 10.0.40219.1
Project("{8BC9CEB8-8B4A-11D0-8D11-00A0C91BC942}") = "OculusRiftTest", "OculusRiftTest\OculusRiftTest.vcxproj", "{E3DFADB2-87F3-407E-83A2-C0910CEEEFB9}"
EndProject
Global
	GlobalSection(SolutionConfigurationPlatforms) = preSolution
		Debug|x64 = Debug|x64
		Debug|x86 = Debug|x86
		Release|x64 = Release|x64
		Release|x86 = Release|x86
	EndGlobalSection
	GlobalSection(ProjectConfigurationPlatforms) = postSolution
		{E3DFADB2-87F3-407E-83A2-C0910CEEEFB9}.Debug|x64.ActiveCfg = Debug|x64
		{E3DFADB2-87F3-407E-83A2-C0910CEEEFB9}.Debug|x64.Build.0 = Debug|x64
		{E3DFADB2-87F3-407E-83A2-C0910CEEEFB9}.Debug|x86.ActiveCfg = Debug|Win32
		{E3DFADB2-87F3-407E-83A2-C0910CEEEFB9}.Debug|x86.Build.0 = Debug|Win32
		{E3DFADB2-87F3-407E-83A2-C0910CEEEFB9}.Release|x64.ActiveCfg = Release|x64
		{E3DFADB2-87F3-407E-83A2-C0910CEEEFB9}.Release|x64.Build.0 = Release|x64
		{E3DFADB2-87F3-407E-83A2-C0910CEEEFB9}.Release|x86.ActiveCfg = Release|Win32
		{E3DFADB2-87F3-407E-83A2-C0910CEEEFB9}.Release|x86.Build.0 = Release|Win32
	EndGlobalSection
	GlobalSection(SolutionProperties) = preSolution
		HideSolutionNode = FALSE
	EndGlobalSection
	GlobalSection(ExtensibilityGlobals) = postSolution
		SolutionGuid = {92A1A732-BA55-4ECA-916D-EFC6452594F2}
	EndGlobalSection
EndGlobal
